lockfileVersion: '9.0'

settings:
  autoInstallPeers: true
  excludeLinksFromLockfile: false

importers:

  .:
    dependencies:
      cheerio:
        specifier: ^1.2.0
        version: 1.2.0
      pino:
        specifier: ^10.3.1
        version: 10.3.1
      resend:
        specifier: ^6.9.1
        version: 6.9.1
    devDependencies:
      '@types/node':
        specifier: ^25.2.1
        version: 25.2.1
      prettier:
        specifier: ^3.8.1
        version: 3.8.1
      typescript:
        specifier: ^5.9.3
        version: 5.9.3

packages:

  '@pinojs/redact@0.4.0':
    resolution: {integrity: sha512-k2ENnmBugE/rzQfEcdWHcCY+/FM3VLzH9cYEsbdsoqrvzAKRhUZeRNhAZvB8OitQJ1TBed3yqWtdjzS6wJKBwg==}

  '@selderee/plugin-htmlparser2@0.11.0':
    resolution: {integrity: sha512-P33hHGdldxGabLFjPPpaTxVolMrzrcegejx+0GxjrIb9Zv48D8yAIA/QTDR2dFl7Uz7urX8aX6+5bCZslr+gWQ==}

  '@stablelib/base64@1.0.1':
    resolution: {integrity: sha512-1bnPQqSxSuc3Ii6MhBysoWCg58j97aUjuCSZrGSmDxNqtytIi0k8utUenAwTZN4V5mXXYGsVUI9zeBqy+jBOSQ==}

  '@types/node@25.2.1':
    resolution: {integrity: sha512-CPrnr8voK8vC6eEtyRzvMpgp3VyVRhgclonE7qYi6P9sXwYb59ucfrnmFBTaP0yUi8Gk4yZg/LlTJULGxvTNsg==}

  '@zone-eu/mailsplit@5.4.8':
    resolution: {integrity: sha512-eEyACj4JZ7sjzRvy26QhLgKEMWwQbsw1+QZnlLX+/gihcNH07lVPOcnwf5U6UAL7gkc//J3jVd76o/WS+taUiA==}

  atomic-sleep@1.0.0:
    resolution: {integrity: sha512-kNOjDqAh7px0XWNI+4QbzoiR/nTkHAWNud2uvnJquD1/x5a7EQZMJT0AczqK0Qn67oY/TTQ1LbUKajZpp3I9tQ==}
    engines: {node: '>=8.0.0'}

  boolbase@1.0.0:
    resolution: {integrity: sha512-JZOSA7Mo9sNGB8+UjSgzdLtokWAky1zbztM3WRLCbZ70/3cTANmQmOdR7y2g+J0e2WXywy1yS468tY+IruqEww==}

  cheerio-select@2.1.0:
    resolution: {integrity: sha512-9v9kG0LvzrlcungtnJtpGNxY+fzECQKhK4EGJX2vByejiMX84MFNQw4UxPJl3bFbTMw+Dfs37XaIkCwTZfLh4g==}

  cheerio@1.2.0:
    resolution: {integrity: sha512-WDrybc/gKFpTYQutKIK6UvfcuxijIZfMfXaYm8NMsPQxSYvf+13fXUJ4rztGGbJcBQ/GF55gvrZ0Bc0bj/mqvg==}
    engines: {node: '>=20.18.1'}

  css-select@5.2.2:
    resolution: {integrity: sha512-TizTzUddG/xYLA3NXodFM0fSbNizXjOKhqiQQwvhlspadZokn1KDy0NZFS0wuEubIYAV5/c1/lAr0TaaFXEXzw==}

  css-what@6.2.2:
    resolution: {integrity: sha512-u/O3vwbptzhMs3L1fQE82ZSLHQQfto5gyZzwteVIEyeaY5Fc7R4dapF/BvRoSYFeqfBk4m0V1Vafq5Pjv25wvA==}
    engines: {node: '>= 6'}

  deepmerge@4.3.1:
    resolution: {integrity: sha512-3sUqbMEc77XqpdNO7FRyRog+eW3ph+GYCbj+rK+uYyRMuwsVy0rMiVtPn+QJlKFvWP/1PYpapqYn0Me2knFn+A==}
    engines: {node: '>=0.10.0'}

  dom-serializer@2.0.0:
    resolution: {integrity: sha512-wIkAryiqt/nV5EQKqQpo3SToSOV9J0DnbJqwK7Wv/Trc92zIAYZ4FlMu+JPFW1DfGFt81ZTCGgDEabffXeLyJg==}

  domelementtype@2.3.0:
    resolution: {integrity: sha512-OLETBj6w0OsagBwdXnPdN0cnMfF9opN69co+7ZrbfPGrdpPVNBUj02spi6B1N7wChLQiPn4CSH/zJvXw56gmHw==}

  domhandler@5.0.3:
    resolution: {integrity: sha512-cgwlv/1iFQiFnU96XXgROh8xTeetsnJiDsTc7TYCLFd9+/WNkIqPTxiM/8pSd8VIrhXGTf1Ny1q1hquVqDJB5w==}
    engines: {node: '>= 4'}

  domutils@3.2.2:
    resolution: {integrity: sha512-6kZKyUajlDuqlHKVX1w7gyslj9MPIXzIFiz/rGu35uC1wMi+kMhQwGhl4lt9unC9Vb9INnY9Z3/ZA3+FhASLaw==}

  encoding-japanese@2.2.0:
    resolution: {integrity: sha512-EuJWwlHPZ1LbADuKTClvHtwbaFn4rOD+dRAbWysqEOXRc2Uui0hJInNJrsdH0c+OhJA4nrCBdSkW4DD5YxAo6A==}
    engines: {node: '>=8.10.0'}

  encoding-sniffer@0.2.1:
    resolution: {integrity: sha512-5gvq20T6vfpekVtqrYQsSCFZ1wEg5+wW0/QaZMWkFr6BqD3NfKs0rLCx4rrVlSWJeZb5NBJgVLswK/w2MWU+Gw==}

  entities@4.5.0:
    resolution: {integrity: sha512-V0hjH4dGPh9Ao5p0MoRY6BVqtwCjhz6vI5LT8AJ55H+4g9/4vbHx1I54fS0XuclLhDHArPQCiMjDxjaL8fPxhw==}
    engines: {node: '>=0.12'}

  entities@6.0.1:
    resolution: {integrity: sha512-aN97NXWF6AWBTahfVOIrB/NShkzi5H7F9r1s9mD3cDj4Ko5f2qhhVoYMibXF7GlLveb/D2ioWay8lxI97Ven3g==}
    engines: {node: '>=0.12'}

  entities@7.0.1:
    resolution: {integrity: sha512-TWrgLOFUQTH994YUyl1yT4uyavY5nNB5muff+RtWaqNVCAK408b5ZnnbNAUEWLTCpum9w6arT70i1XdQ4UeOPA==}
    engines: {node: '>=0.12'}

  fast-sha256@1.3.0:
    resolution: {integrity: sha512-n11RGP/lrWEFI/bWdygLxhI+pVeo1ZYIVwvvPkW7azl/rOy+F3HYRZ2K5zeE9mmkhQppyv9sQFx0JM9UabnpPQ==}

  he@1.2.0:
    resolution: {integrity: sha512-F/1DnUGPopORZi0ni+CvrCgHQ5FyEAHRLSApuYWMmrbSwoN2Mn/7k+Gl38gJnR7yyDZk6WLXwiGod1JOWNDKGw==}
    hasBin: true

  html-to-text@9.0.5:
    resolution: {integrity: sha512-qY60FjREgVZL03vJU6IfMV4GDjGBIoOyvuFdpBDIX9yTlDw0TjxVBQp+P8NvpdIXNJvfWBTNul7fsAQJq2FNpg==}
    engines: {node: '>=14'}

  htmlparser2@10.1.0:
    resolution: {integrity: sha512-VTZkM9GWRAtEpveh7MSF6SjjrpNVNNVJfFup7xTY3UpFtm67foy9HDVXneLtFVt4pMz5kZtgNcvCniNFb1hlEQ==}

  htmlparser2@8.0.2:
    resolution: {integrity: sha512-GYdjWKDkbRLkZ5geuHs5NY1puJ+PXwP7+fHPRz06Eirsb9ugf6d8kkXav6ADhcODhFFPMIXyxkxSuMf3D6NCFA==}

  iconv-lite@0.6.3:
    resolution: {integrity: sha512-4fCk79wshMdzMp2rH06qWrJE4iolqLhCUH+OiuIgU++RB0+94NlDL81atO7GX55uUKueo0txHNtvEyI6D7WdMw==}
    engines: {node: '>=0.10.0'}

  iconv-lite@0.7.0:
    resolution: {integrity: sha512-cf6L2Ds3h57VVmkZe+Pn+5APsT7FpqJtEhhieDCvrE2MK5Qk9MyffgQyuxQTm6BChfeZNtcOLHp9IcWRVcIcBQ==}
    engines: {node: '>=0.10.0'}

  leac@0.6.0:
    resolution: {integrity: sha512-y+SqErxb8h7nE/fiEX07jsbuhrpO9lL8eca7/Y1nuWV2moNlXhyd59iDGcRf6moVyDMbmTNzL40SUyrFU/yDpg==}

  libbase64@1.3.0:
    resolution: {integrity: sha512-GgOXd0Eo6phYgh0DJtjQ2tO8dc0IVINtZJeARPeiIJqge+HdsWSuaDTe8ztQ7j/cONByDZ3zeB325AHiv5O0dg==}

  libmime@5.3.7:
    resolution: {integrity: sha512-FlDb3Wtha8P01kTL3P9M+ZDNDWPKPmKHWaU/cG/lg5pfuAwdflVpZE+wm9m7pKmC5ww6s+zTxBKS1p6yl3KpSw==}

  libqp@2.1.1:
    resolution: {integrity: sha512-0Wd+GPz1O134cP62YU2GTOPNA7Qgl09XwCqM5zpBv87ERCXdfDtyKXvV7c9U22yWJh44QZqBocFnXN11K96qow==}

  linkify-it@5.0.0:
    resolution: {integrity: sha512-5aHCbzQRADcdP+ATqnDuhhJ/MRIqDkZX5pyjFHRRysS8vZ5AbqGEoFIb6pYHPZ+L/OC2Lc+xT8uHVVR5CAK/wQ==}

  mailparser@3.9.1:
    resolution: {integrity: sha512-6vHZcco3fWsDMkf4Vz9iAfxvwrKNGbHx0dV1RKVphQ/zaNY34Buc7D37LSa09jeSeybWzYcTPjhiZFxzVRJedA==}

  nodemailer@7.0.11:
    resolution: {integrity: sha512-gnXhNRE0FNhD7wPSCGhdNh46Hs6nm+uTyg+Kq0cZukNQiYdnCsoQjodNP9BQVG9XrcK/v6/MgpAPBUFyzh9pvw==}
    engines: {node: '>=6.0.0'}

  nth-check@2.1.1:
    resolution: {integrity: sha512-lqjrjmaOoAnWfMmBPL+XNnynZh2+swxiX3WUE0s4yEHI6m+AwrK2UZOimIRl3X/4QctVqS8AiZjFqyOGrMXb/w==}

  on-exit-leak-free@2.1.2:
    resolution: {integrity: sha512-0eJJY6hXLGf1udHwfNftBqH+g73EU4B504nZeKpz1sYRKafAghwxEJunB2O7rDZkL4PGfsMVnTXZ2EjibbqcsA==}
    engines: {node: '>=14.0.0'}

  parse5-htmlparser2-tree-adapter@7.1.0:
    resolution: {integrity: sha512-ruw5xyKs6lrpo9x9rCZqZZnIUntICjQAd0Wsmp396Ul9lN/h+ifgVV1x1gZHi8euej6wTfpqX8j+BFQxF0NS/g==}

  parse5-parser-stream@7.1.2:
    resolution: {integrity: sha512-JyeQc9iwFLn5TbvvqACIF/VXG6abODeB3Fwmv/TGdLk2LfbWkaySGY72at4+Ty7EkPZj854u4CrICqNk2qIbow==}

  parse5@7.3.0:
    resolution: {integrity: sha512-IInvU7fabl34qmi9gY8XOVxhYyMyuH2xUNpb2q8/Y+7552KlejkRvqvD19nMoUW/uQGGbqNpA6Tufu5FL5BZgw==}

  parseley@0.12.1:
    resolution: {integrity: sha512-e6qHKe3a9HWr0oMRVDTRhKce+bRO8VGQR3NyVwcjwrbhMmFCX9KszEV35+rn4AdilFAq9VPxP/Fe1wC9Qjd2lw==}

  peberminta@0.9.0:
    resolution: {integrity: sha512-XIxfHpEuSJbITd1H3EeQwpcZbTLHc+VVr8ANI9t5sit565tsI4/xK3KWTUFE2e6QiangUkh3B0jihzmGnNrRsQ==}

  pino-abstract-transport@3.0.0:
    resolution: {integrity: sha512-wlfUczU+n7Hy/Ha5j9a/gZNy7We5+cXp8YL+X+PG8S0KXxw7n/JXA3c46Y0zQznIJ83URJiwy7Lh56WLokNuxg==}

  pino-std-serializers@7.1.0:
    resolution: {integrity: sha512-BndPH67/JxGExRgiX1dX0w1FvZck5Wa4aal9198SrRhZjH3GxKQUKIBnYJTdj2HDN3UQAS06HlfcSbQj2OHmaw==}

  pino@10.3.1:
    resolution: {integrity: sha512-r34yH/GlQpKZbU1BvFFqOjhISRo1MNx1tWYsYvmj6KIRHSPMT2+yHOEb1SG6NMvRoHRF0a07kCOox/9yakl1vg==}
    hasBin: true

  prettier@3.8.1:
    resolution: {integrity: sha512-UOnG6LftzbdaHZcKoPFtOcCKztrQ57WkHDeRD9t/PTQtmT0NHSeWWepj6pS0z/N7+08BHFDQVUrfmfMRcZwbMg==}
    engines: {node: '>=14'}
    hasBin: true

  process-warning@5.0.0:
    resolution: {integrity: sha512-a39t9ApHNx2L4+HBnQKqxxHNs1r7KF+Intd8Q/g1bUh6q0WIp9voPXJ/x0j+ZL45KF1pJd9+q2jLIRMfvEshkA==}

  punycode.js@2.3.1:
    resolution: {integrity: sha512-uxFIHU0YlHYhDQtV4R9J6a52SLx28BCjT+4ieh7IGbgwVJWO+km431c4yRlREUAsAmt/uMjQUyQHNEPf0M39CA==}
    engines: {node: '>=6'}

  quick-format-unescaped@4.0.4:
    resolution: {integrity: sha512-tYC1Q1hgyRuHgloV/YXs2w15unPVh8qfu/qCTfhTYamaw7fyhumKa2yGpdSo87vY32rIclj+4fWYQXUMs9EHvg==}

  real-require@0.2.0:
    resolution: {integrity: sha512-57frrGM/OCTLqLOAh0mhVA9VBMHd+9U7Zb2THMGdBUoZVOtGbJzjxsYGDJ3A9AYYCP4hn6y1TVbaOfzWtm5GFg==}
    engines: {node: '>= 12.13.0'}

  resend@6.9.1:
    resolution: {integrity: sha512-jFY3qPP2cith1npRXvS7PVdnhbR1CcuzHg65ty5Elv55GKiXhe+nItXuzzoOlKeYJez1iJAo2+8f6ae8sCj0iA==}
    engines: {node: '>=20'}
    peerDependencies:
      '@react-email/render': '*'
    peerDependenciesMeta:
      '@react-email/render':
        optional: true

  safe-stable-stringify@2.5.0:
    resolution: {integrity: sha512-b3rppTKm9T+PsVCBEOUR46GWI7fdOs00VKZ1+9c1EWDaDMvjQc6tUwuFyIprgGgTcWoVHSKrU8H31ZHA2e0RHA==}
    engines: {node: '>=10'}

  safer-buffer@2.1.2:
    resolution: {integrity: sha512-YZo3K82SD7Riyi0E1EQPojLz7kpepnSQI9IyPbHHg1XXXevb5dJI7tpyN2ADxGcQbHG7vcyRHk0cbwqcQriUtg==}

  selderee@0.11.0:
    resolution: {integrity: sha512-5TF+l7p4+OsnP8BCCvSyZiSPc4x4//p5uPwK8TCnVPJYRmU2aYKMpOXvw8zM5a5JvuuCGN1jmsMwuU2W02ukfA==}

  sonic-boom@4.2.1:
    resolution: {integrity: sha512-w6AxtubXa2wTXAUsZMMWERrsIRAdrK0Sc+FUytWvYAhBJLyuI4llrMIC1DtlNSdI99EI86KZum2MMq3EAZlF9Q==}

  split2@4.2.0:
    resolution: {integrity: sha512-UcjcJOWknrNkF6PLX83qcHM6KHgVKNkV62Y8a5uYDVv9ydGQVwAHMKqHdJje1VTWpljG0WYpCDhrCdAOYH4TWg==}
    engines: {node: '>= 10.x'}

  standardwebhooks@1.0.0:
    resolution: {integrity: sha512-BbHGOQK9olHPMvQNHWul6MYlrRTAOKn03rOe4A8O3CLWhNf4YHBqq2HJKKC+sfqpxiBY52pNeesD6jIiLDz8jg==}

  svix@1.84.1:
    resolution: {integrity: sha512-K8DPPSZaW/XqXiz1kEyzSHYgmGLnhB43nQCMeKjWGCUpLIpAMMM8kx3rVVOSm6Bo6EHyK1RQLPT4R06skM/MlQ==}

  thread-stream@4.0.0:
    resolution: {integrity: sha512-4iMVL6HAINXWf1ZKZjIPcz5wYaOdPhtO8ATvZ+Xqp3BTdaqtAwQkNmKORqcIo5YkQqGXq5cwfswDwMqqQNrpJA==}
    engines: {node: '>=20'}

  tlds@1.261.0:
    resolution: {integrity: sha512-QXqwfEl9ddlGBaRFXIvNKK6OhipSiLXuRuLJX5DErz0o0Q0rYxulWLdFryTkV5PkdZct5iMInwYEGe/eR++1AA==}
    hasBin: true

  typescript@5.9.3:
    resolution: {integrity: sha512-jl1vZzPDinLr9eUt3J/t7V6FgNEw9QjvBPdysz9KfQDD41fQrC2Y4vKQdiaUpFT4bXlb1RHhLpp8wtm6M5TgSw==}
    engines: {node: '>=14.17'}
    hasBin: true

  uc.micro@2.1.0:
    resolution: {integrity: sha512-ARDJmphmdvUk6Glw7y9DQ2bFkKBHwQHLi2lsaH6PPmz/Ka9sFOBsBluozhDltWmnv9u/cF6Rt87znRTPV+yp/A==}

  undici-types@7.16.0:
    resolution: {integrity: sha512-Zz+aZWSj8LE6zoxD+xrjh4VfkIG8Ya6LvYkZqtUQGJPZjYl53ypCaUwWqo7eI0x66KBGeRo+mlBEkMSeSZ38Nw==}

  undici@7.21.0:
    resolution: {integrity: sha512-Hn2tCQpoDt1wv23a68Ctc8Cr/BHpUSfaPYrkajTXOS9IKpxVRx/X5m1K2YkbK2ipgZgxXSgsUinl3x+2YdSSfg==}
    engines: {node: '>=20.18.1'}

  uuid@10.0.0:
    resolution: {integrity: sha512-8XkAphELsDnEGrDxUOHB3RGvXz6TeuYSGEZBOjtTtPm2lwhGBjLgOzLHB63IUWfBpNucQjND6d3AOudO+H3RWQ==}
    hasBin: true

  whatwg-encoding@3.1.1:
    resolution: {integrity: sha512-6qN4hJdMwfYBtE3YBTTHhoeuUrDBPZmbQaxWAqSALV/MeEnR5z1xd8UKud2RAkFoPkmB+hli1TZSnyi84xz1vQ==}
    engines: {node: '>=18'}
    deprecated: Use @exodus/bytes instead for a more spec-conformant and faster implementation

  whatwg-mimetype@4.0.0:
    resolution: {integrity: sha512-QaKxh0eNIi2mE9p2vEdzfagOKHCcj1pJ56EEHGQOVxp8r9/iszLUUV7v89x9O1p/T+NlTM5W7jW6+cz4Fq1YVg==}
    engines: {node: '>=18'}

snapshots:

  '@pinojs/redact@0.4.0': {}

  '@selderee/plugin-htmlparser2@0.11.0':
    dependencies:
      domhandler: 5.0.3
      selderee: 0.11.0

  '@stablelib/base64@1.0.1': {}

  '@types/node@25.2.1':
    dependencies:
      undici-types: 7.16.0

  '@zone-eu/mailsplit@5.4.8':
    dependencies:
      libbase64: 1.3.0
      libmime: 5.3.7
      libqp: 2.1.1

  atomic-sleep@1.0.0: {}

  boolbase@1.0.0: {}

  cheerio-select@2.1.0:
    dependencies:
      boolbase: 1.0.0
      css-select: 5.2.2
      css-what: 6.2.2
      domelementtype: 2.3.0
      domhandler: 5.0.3
      domutils: 3.2.2

  cheerio@1.2.0:
    dependencies:
      cheerio-select: 2.1.0
      dom-serializer: 2.0.0
      domhandler: 5.0.3
      domutils: 3.2.2
      encoding-sniffer: 0.2.1
      htmlparser2: 10.1.0
      parse5: 7.3.0
      parse5-htmlparser2-tree-adapter: 7.1.0
      parse5-parser-stream: 7.1.2
      undici: 7.21.0
      whatwg-mimetype: 4.0.0

  css-select@5.2.2:
    dependencies:
      boolbase: 1.0.0
      css-what: 6.2.2
      domhandler: 5.0.3
      domutils: 3.2.2
      nth-check: 2.1.1

  css-what@6.2.2: {}

  deepmerge@4.3.1: {}

  dom-serializer@2.0.0:
    dependencies:
      domelementtype: 2.3.0
      domhandler: 5.0.3
      entities: 4.5.0

  domelementtype@2.3.0: {}

  domhandler@5.0.3:
    dependencies:
      domelementtype: 2.3.0

  domutils@3.2.2:
    dependencies:
      dom-serializer: 2.0.0
      domelementtype: 2.3.0
      domhandler: 5.0.3

  encoding-japanese@2.2.0: {}

  encoding-sniffer@0.2.1:
    dependencies:
      iconv-lite: 0.6.3
      whatwg-encoding: 3.1.1

  entities@4.5.0: {}

  entities@6.0.1: {}

  entities@7.0.1: {}

  fast-sha256@1.3.0: {}

  he@1.2.0: {}

  html-to-text@9.0.5:
    dependencies:
      '@selderee/plugin-htmlparser2': 0.11.0
      deepmerge: 4.3.1
      dom-serializer: 2.0.0
      htmlparser2: 8.0.2
      selderee: 0.11.0

  htmlparser2@10.1.0:
    dependencies:
      domelementtype: 2.3.0
      domhandler: 5.0.3
      domutils: 3.2.2
      entities: 7.0.1

  htmlparser2@8.0.2:
    dependencies:
      domelementtype: 2.3.0
      domhandler: 5.0.3
      domutils: 3.2.2
      entities: 4.5.0

  iconv-lite@0.6.3:
    dependencies:
      safer-buffer: 2.1.2

  iconv-lite@0.7.0:
    dependencies:
      safer-buffer: 2.1.2

  leac@0.6.0: {}

  libbase64@1.3.0: {}

  libmime@5.3.7:
    dependencies:
      encoding-japanese: 2.2.0
      iconv-lite: 0.6.3
      libbase64: 1.3.0
      libqp: 2.1.1

  libqp@2.1.1: {}

  linkify-it@5.0.0:
    dependencies:
      uc.micro: 2.1.0

  mailparser@3.9.1:
    dependencies:
      '@zone-eu/mailsplit': 5.4.8
      encoding-japanese: 2.2.0
      he: 1.2.0
      html-to-text: 9.0.5
      iconv-lite: 0.7.0
      libmime: 5.3.7
      linkify-it: 5.0.0
      nodemailer: 7.0.11
      punycode.js: 2.3.1
      tlds: 1.261.0

  nodemailer@7.0.11: {}

  nth-check@2.1.1:
    dependencies:
      boolbase: 1.0.0

  on-exit-leak-free@2.1.2: {}

  parse5-htmlparser2-tree-adapter@7.1.0:
    dependencies:
      domhandler: 5.0.3
      parse5: 7.3.0

  parse5-parser-stream@7.1.2:
    dependencies:
      parse5: 7.3.0

  parse5@7.3.0:
    dependencies:
      entities: 6.0.1

  parseley@0.12.1:
    dependencies:
      leac: 0.6.0
      peberminta: 0.9.0

  peberminta@0.9.0: {}

  pino-abstract-transport@3.0.0:
    dependencies:
      split2: 4.2.0

  pino-std-serializers@7.1.0: {}

  pino@10.3.1:
    dependencies:
      '@pinojs/redact': 0.4.0
      atomic-sleep: 1.0.0
      on-exit-leak-free: 2.1.2
      pino-abstract-transport: 3.0.0
      pino-std-serializers: 7.1.0
      process-warning: 5.0.0
      quick-format-unescaped: 4.0.4
      real-require: 0.2.0
      safe-stable-stringify: 2.5.0
      sonic-boom: 4.2.1
      thread-stream: 4.0.0

  prettier@3.8.1: {}

  process-warning@5.0.0: {}

  punycode.js@2.3.1: {}

  quick-format-unescaped@4.0.4: {}

  real-require@0.2.0: {}

  resend@6.9.1:
    dependencies:
      mailparser: 3.9.1
      svix: 1.84.1

  safe-stable-stringify@2.5.0: {}

  safer-buffer@2.1.2: {}

  selderee@0.11.0:
    dependencies:
      parseley: 0.12.1

  sonic-boom@4.2.1:
    dependencies:
      atomic-sleep: 1.0.0

  split2@4.2.0: {}

  standardwebhooks@1.0.0:
    dependencies:
      '@stablelib/base64': 1.0.1
      fast-sha256: 1.3.0

  svix@1.84.1:
    dependencies:
      standardwebhooks: 1.0.0
      uuid: 10.0.0

  thread-stream@4.0.0:
    dependencies:
      real-require: 0.2.0

  tlds@1.261.0: {}

  typescript@5.9.3: {}

  uc.micro@2.1.0: {}

  undici-types@7.16.0: {}

  undici@7.21.0: {}

  uuid@10.0.0: {}

  whatwg-encoding@3.1.1:
    dependencies:
      iconv-lite: 0.6.3

  whatwg-mimetype@4.0.0: {}
